
Microsoft Visual Studio Solution File, Format Version 12.00
# Visual Studio 15
VisualStudioVersion = 15.0.28307.539
MinimumVisualStudioVersion = 10.0.40219.1
Project("{FAE04EC0-301F-11D3-BF4B-00C04F79EFBC}") = "pi_home_mobileApp.Android", "pi_home_mobileApp\pi_home_mobileApp.Android\pi_home_mobileApp.Android.csproj", "{933262D2-812D-4657-A894-B6AA3EB80588}"
EndProject
Project("{FAE04EC0-301F-11D3-BF4B-00C04F79EFBC}") = "pi_home_mobileApp.iOS", "pi_home_mobileApp\pi_home_mobileApp.iOS\pi_home_mobileApp.iOS.csproj", "{0A9936F8-AF4A-408D-B130-25DA7B245BC5}"
EndProject
Project("{FAE04EC0-301F-11D3-BF4B-00C04F79EFBC}") = "pi_home_mobileApp", "pi_home_mobileApp\pi_home_mobileApp\pi_home_mobileApp.csproj", "{37A242DC-3D95-4F7E-A4F8-8ED058E28DE4}"
EndProject
Global
	GlobalSection(SolutionConfigurationPlatforms) = preSolution
		Ad-Hoc|Any CPU = Ad-Hoc|Any CPU
		Ad-Hoc|iPhone = Ad-Hoc|iPhone
		Ad-Hoc|iPhoneSimulator = Ad-Hoc|iPhoneSimulator
		AppStore|Any CPU = AppStore|Any CPU
		AppStore|iPhone = AppStore|iPhone
		AppStore|iPhoneSimulator = AppStore|iPhoneSimulator
		Debug|Any CPU = Debug|Any CPU
		Debug|iPhone = Debug|iPhone
		Debug|iPhoneSimulator = Debug|iPhoneSimulator
		Release|Any CPU = Release|Any CPU
		Release|iPhone = Release|iPhone
		Release|iPhoneSimulator = Release|iPhoneSimulator
	EndGlobalSection
	GlobalSection(ProjectConfigurationPlatforms) = postSolution
		{933262D2-812D-4657-A894-B6AA3EB80588}.Ad-Hoc|Any CPU.ActiveCfg = Release|Any CPU
		{933262D2-812D-4657-A894-B6AA3EB80588}.Ad-Hoc|Any CPU.Build.0 = Release|Any CPU
		{933262D2-812D-4657-A894-B6AA3EB80588}.Ad-Hoc|Any CPU.Deploy.0 = Release|Any CPU
		{933262D2-812D-4657-A894-B6AA3EB80588}.Ad-Hoc|iPhone.ActiveCfg = Release|Any CPU
		{933262D2-812D-4657-A894-B6AA3EB80588}.Ad-Hoc|iPhone.Build.0 = Release|Any CPU
		{933262D2-812D-4657-A894-B6AA3EB80588}.Ad-Hoc|iPhone.Deploy.0 = Release|Any CPU
		{933262D2-812D-4657-A894-B6AA3EB80588}.Ad-Hoc|iPhoneSimulator.ActiveCfg = Release|Any CPU
		{933262D2-812D-4657-A894-B6AA3EB80588}.Ad-Hoc|iPhoneSimulator.Build.0 = Release|Any CPU
		{933262D2-812D-4657-A894-B6AA3EB80588}.Ad-Hoc|iPhoneSimulator.Deploy.0 = Release|Any CPU
		{933262D2-812D-4657-A894-B6AA3EB80588}.AppStore|Any CPU.ActiveCfg = Release|Any CPU
		{933262D2-812D-4657-A894-B6AA3EB80588}.AppStore|Any CPU.Build.0 = Release|Any CPU
		{933262D2-812D-4657-A894-B6AA3EB80588}.AppStore|Any CPU.Deploy.0 = Release|Any CPU
		{933262D2-812D-4657-A894-B6AA3EB80588}.AppStore|iPhone.ActiveCfg = Release|Any CPU
		{933262D2-812D-4657-A894-B6AA3EB80588}.AppStore|iPhone.Build.0 = Release|Any CPU
		{933262D2-812D-4657-A894-B6AA3EB80588}.AppStore|iPhone.Deploy.0 = Release|Any CPU
		{933262D2-812D-4657-A894-B6AA3EB80588}.AppStore|iPhoneSimulator.ActiveCfg = Release|Any CPU
		{933262D2-812D-4657-A894-B6AA3EB80588}.AppStore|iPhoneSimulator.Build.0 = Release|Any CPU
		{933262D2-812D-4657-A894-B6AA3EB80588}.AppStore|iPhoneSimulator.Deploy.0 = Release|Any CPU
		{933262D2-812D-4657-A894-B6AA3EB80588}.Debug|Any CPU.ActiveCfg = Debug|Any CPU
		{933262D2-812D-4657-A894-B6AA3EB80588}.Debug|Any CPU.Build.0 = Debug|Any CPU
		{933262D2-812D-4657-A894-B6AA3EB80588}.Debug|Any CPU.Deploy.0 = Debug|Any CPU
		{933262D2-812D-4657-A894-B6AA3EB80588}.Debug|iPhone.ActiveCfg = Debug|Any CPU
		{933262D2-812D-4657-A894-B6AA3EB80588}.Debug|iPhone.Build.0 = Debug|Any CPU
		{933262D2-812D-4657-A894-B6AA3EB80588}.Debug|iPhone.Deploy.0 = Debug|Any CPU
		{933262D2-812D-4657-A894-B6AA3EB80588}.Debug|iPhoneSimulator.ActiveCfg = Debug|Any CPU
		{933262D2-812D-4657-A894-B6AA3EB80588}.Debug|iPhoneSimulator.Build.0 = Debug|Any CPU
		{933262D2-812D-4657-A894-B6AA3EB80588}.Debug|iPhoneSimulator.Deploy.0 = Debug|Any CPU
		{933262D2-812D-4657-A894-B6AA3EB80588}.Release|Any CPU.ActiveCfg = Release|Any CPU
		{933262D2-812D-4657-A894-B6AA3EB80588}.Release|Any CPU.Build.0 = Release|Any CPU
		{933262D2-812D-4657-A894-B6AA3EB80588}.Release|Any CPU.Deploy.0 = Release|Any CPU
		{933262D2-812D-4657-A894-B6AA3EB80588}.Release|iPhone.ActiveCfg = Release|Any CPU
		{933262D2-812D-4657-A894-B6AA3EB80588}.Release|iPhone.Build.0 = Release|Any CPU
		{933262D2-812D-4657-A894-B6AA3EB80588}.Release|iPhone.Deploy.0 = Release|Any CPU
		{933262D2-812D-4657-A894-B6AA3EB80588}.Release|iPhoneSimulator.ActiveCfg = Release|Any CPU
		{933262D2-812D-4657-A894-B6AA3EB80588}.Release|iPhoneSimulator.Build.0 = Release|Any CPU
		{933262D2-812D-4657-A894-B6AA3EB80588}.Release|iPhoneSimulator.Deploy.0 = Release|Any CPU
		{0A9936F8-AF4A-408D-B130-25DA7B245BC5}.Ad-Hoc|Any CPU.ActiveCfg = Ad-Hoc|iPhone
		{0A9936F8-AF4A-408D-B130-25DA7B245BC5}.Ad-Hoc|Any CPU.Build.0 = Ad-Hoc|iPhone
		{0A9936F8-AF4A-408D-B130-25DA7B245BC5}.Ad-Hoc|Any CPU.Deploy.0 = Ad-Hoc|iPhone
		{0A9936F8-AF4A-408D-B130-25DA7B245BC5}.Ad-Hoc|iPhone.ActiveCfg = Ad-Hoc|iPhone
		{0A9936F8-AF4A-408D-B130-25DA7B245BC5}.Ad-Hoc|iPhone.Build.0 = Ad-Hoc|iPhone
		{0A9936F8-AF4A-408D-B130-25DA7B245BC5}.Ad-Hoc|iPhone.Deploy.0 = Ad-Hoc|iPhone
		{0A9936F8-AF4A-408D-B130-25DA7B245BC5}.Ad-Hoc|iPhoneSimulator.ActiveCfg = Ad-Hoc|iPhoneSimulator
		{0A9936F8-AF4A-408D-B130-25DA7B245BC5}.Ad-Hoc|iPhoneSimulator.Build.0 = Ad-Hoc|iPhoneSimulator
		{0A9936F8-AF4A-408D-B130-25DA7B245BC5}.Ad-Hoc|iPhoneSimulator.Deploy.0 = Ad-Hoc|iPhoneSimulator
		{0A9936F8-AF4A-408D-B130-25DA7B245BC5}.AppStore|Any CPU.ActiveCfg = AppStore|iPhone
		{0A9936F8-AF4A-408D-B130-25DA7B245BC5}.AppStore|Any CPU.Build.0 = AppStore|iPhone
		{0A9936F8-AF4A-408D-B130-25DA7B245BC5}.AppStore|Any CPU.Deploy.0 = AppStore|iPhone
		{0A9936F8-AF4A-408D-B130-25DA7B245BC5}.AppStore|iPhone.ActiveCfg = AppStore|iPhone
		{0A9936F8-AF4A-408D-B130-25DA7B245BC5}.AppStore|iPhone.Build.0 = AppStore|iPhone
		{0A9936F8-AF4A-408D-B130-25DA7B245BC5}.AppStore|iPhone.Deploy.0 = AppStore|iPhone
		{0A9936F8-AF4A-408D-B130-25DA7B245BC5}.AppStore|iPhoneSimulator.ActiveCfg = AppStore|iPhoneSimulator
		{0A9936F8-AF4A-408D-B130-25DA7B245BC5}.AppStore|iPhoneSimulator.Build.0 = AppStore|iPhoneSimulator
		{0A9936F8-AF4A-408D-B130-25DA7B245BC5}.AppStore|iPhoneSimulator.Deploy.0 = AppStore|iPhoneSimulator
		{0A9936F8-AF4A-408D-B130-25DA7B245BC5}.Debug|Any CPU.ActiveCfg = Debug|iPhoneSimulator
		{0A9936F8-AF4A-408D-B130-25DA7B245BC5}.Debug|Any CPU.Build.0 = Debug|iPhoneSimulator
		{0A9936F8-AF4A-408D-B130-25DA7B245BC5}.Debug|Any CPU.Deploy.0 = Debug|iPhoneSimulator
		{0A9936F8-AF4A-408D-B130-25DA7B245BC5}.Debug|iPhone.ActiveCfg = Debug|iPhone
		{0A9936F8-AF4A-408D-B130-25DA7B245BC5}.Debug|iPhone.Build.0 = Debug|iPhone
		{0A9936F8-AF4A-408D-B130-25DA7B245BC5}.Debug|iPhone.Deploy.0 = Debug|iPhone
		{0A9936F8-AF4A-408D-B130-25DA7B245BC5}.Debug|iPhoneSimulator.ActiveCfg = Debug|iPhoneSimulator
		{0A9936F8-AF4A-408D-B130-25DA7B245BC5}.Debug|iPhoneSimulator.Build.0 = Debug|iPhoneSimulator
		{0A9936F8-AF4A-408D-B130-25DA7B245BC5}.Debug|iPhoneSimulator.Deploy.0 = Debug|iPhoneSimulator
		{0A9936F8-AF4A-408D-B130-25DA7B245BC5}.Release|Any CPU.ActiveCfg = Release|iPhone
		{0A9936F8-AF4A-408D-B130-25DA7B245BC5}.Release|Any CPU.Build.0 = Release|iPhone
		{0A9936F8-AF4A-408D-B130-25DA7B245BC5}.Release|Any CPU.Deploy.0 = Release|iPhone
		{0A9936F8-AF4A-408D-B130-25DA7B245BC5}.Release|iPhone.ActiveCfg = Release|iPhone
		{0A9936F8-AF4A-408D-B130-25DA7B245BC5}.Release|iPhone.Build.0 = Release|iPhone
		{0A9936F8-AF4A-408D-B130-25DA7B245BC5}.Release|iPhone.Deploy.0 = Release|iPhone
		{0A9936F8-AF4A-408D-B130-25DA7B245BC5}.Release|iPhoneSimulator.ActiveCfg = Release|iPhoneSimulator
		{0A9936F8-AF4A-408D-B130-25DA7B245BC5}.Release|iPhoneSimulator.Build.0 = Release|iPhoneSimulator
		{0A9936F8-AF4A-408D-B130-25DA7B245BC5}.Release|iPhoneSimulator.Deploy.0 = Release|iPhoneSimulator
		{37A242DC-3D95-4F7E-A4F8-8ED058E28DE4}.Ad-Hoc|Any CPU.ActiveCfg = Debug|Any CPU
		{37A242DC-3D95-4F7E-A4F8-8ED058E28DE4}.Ad-Hoc|Any CPU.Build.0 = Debug|Any CPU
		{37A242DC-3D95-4F7E-A4F8-8ED058E28DE4}.Ad-Hoc|Any CPU.Deploy.0 = Debug|Any CPU
		{37A242DC-3D95-4F7E-A4F8-8ED058E28DE4}.Ad-Hoc|iPhone.ActiveCfg = Debug|Any CPU
		{37A242DC-3D95-4F7E-A4F8-8ED058E28DE4}.Ad-Hoc|iPhone.Build.0 = Debug|Any CPU
		{37A242DC-3D95-4F7E-A4F8-8ED058E28DE4}.Ad-Hoc|iPhone.Deploy.0 = Debug|Any CPU
		{37A242DC-3D95-4F7E-A4F8-8ED058E28DE4}.Ad-Hoc|iPhoneSimulator.ActiveCfg = Debug|Any CPU
		{37A242DC-3D95-4F7E-A4F8-8ED058E28DE4}.Ad-Hoc|iPhoneSimulator.Build.0 = Debug|Any CPU
		{37A242DC-3D95-4F7E-A4F8-8ED058E28DE4}.Ad-Hoc|iPhoneSimulator.Deploy.0 = Debug|Any CPU
		{37A242DC-3D95-4F7E-A4F8-8ED058E28DE4}.AppStore|Any CPU.ActiveCfg = Debug|Any CPU
		{37A242DC-3D95-4F7E-A4F8-8ED058E28DE4}.AppStore|Any CPU.Build.0 = Debug|Any CPU
		{37A242DC-3D95-4F7E-A4F8-8ED058E28DE4}.AppStore|Any CPU.Deploy.0 = Debug|Any CPU
		{37A242DC-3D95-4F7E-A4F8-8ED058E28DE4}.AppStore|iPhone.ActiveCfg = Debug|Any CPU
		{37A242DC-3D95-4F7E-A4F8-8ED058E28DE4}.AppStore|iPhone.Build.0 = Debug|Any CPU
		{37A242DC-3D95-4F7E-A4F8-8ED058E28DE4}.AppStore|iPhone.Deploy.0 = Debug|Any CPU
		{37A242DC-3D95-4F7E-A4F8-8ED058E28DE4}.AppStore|iPhoneSimulator.ActiveCfg = Debug|Any CPU
		{37A242DC-3D95-4F7E-A4F8-8ED058E28DE4}.AppStore|iPhoneSimulator.Build.0 = Debug|Any CPU
		{37A242DC-3D95-4F7E-A4F8-8ED058E28DE4}.AppStore|iPhoneSimulator.Deploy.0 = Debug|Any CPU
		{37A242DC-3D95-4F7E-A4F8-8ED058E28DE4}.Debug|Any CPU.ActiveCfg = Debug|Any CPU
		{37A242DC-3D95-4F7E-A4F8-8ED058E28DE4}.Debug|Any CPU.Build.0 = Debug|Any CPU
		{37A242DC-3D95-4F7E-A4F8-8ED058E28DE4}.Debug|Any CPU.Deploy.0 = Debug|Any CPU
		{37A242DC-3D95-4F7E-A4F8-8ED058E28DE4}.Debug|iPhone.ActiveCfg = Debug|Any CPU
		{37A242DC-3D95-4F7E-A4F8-8ED058E28DE4}.Debug|iPhone.Build.0 = Debug|Any CPU
		{37A242DC-3D95-4F7E-A4F8-8ED058E28DE4}.Debug|iPhone.Deploy.0 = Debug|Any CPU
		{37A242DC-3D95-4F7E-A4F8-8ED058E28DE4}.Debug|iPhoneSimulator.ActiveCfg = Debug|Any CPU
		{37A242DC-3D95-4F7E-A4F8-8ED058E28DE4}.Debug|iPhoneSimulator.Build.0 = Debug|Any CPU
		{37A242DC-3D95-4F7E-A4F8-8ED058E28DE4}.Debug|iPhoneSimulator.Deploy.0 = Debug|Any CPU
		{37A242DC-3D95-4F7E-A4F8-8ED058E28DE4}.Release|Any CPU.ActiveCfg = Release|Any CPU
		{37A242DC-3D95-4F7E-A4F8-8ED058E28DE4}.Release|Any CPU.Build.0 = Release|Any CPU
		{37A242DC-3D95-4F7E-A4F8-8ED058E28DE4}.Release|Any CPU.Deploy.0 = Release|Any CPU
		{37A242DC-3D95-4F7E-A4F8-8ED058E28DE4}.Release|iPhone.ActiveCfg = Release|Any CPU
		{37A242DC-3D95-4F7E-A4F8-8ED058E28DE4}.Release|iPhone.Build.0 = Release|Any CPU
		{37A242DC-3D95-4F7E-A4F8-8ED058E28DE4}.Release|iPhone.Deploy.0 = Release|Any CPU
		{37A242DC-3D95-4F7E-A4F8-8ED058E28DE4}.Release|iPhoneSimulator.ActiveCfg = Release|Any CPU
		{37A242DC-3D95-4F7E-A4F8-8ED058E28DE4}.Release|iPhoneSimulator.Build.0 = Release|Any CPU
		{37A242DC-3D95-4F7E-A4F8-8ED058E28DE4}.Release|iPhoneSimulator.Deploy.0 = Release|Any CPU
	EndGlobalSection
	GlobalSection(SolutionProperties) = preSolution
		HideSolutionNode = FALSE
	EndGlobalSection
	GlobalSection(ExtensibilityGlobals) = postSolution
		SolutionGuid = {DE375293-AACF-4018-928C-7F36DF95111B}
	EndGlobalSection
EndGlobal
